
Microsoft Visual Studio Solution File, Format Version 12.00
# Visual Studio Version 17
VisualStudioVersion = 17.11.35312.102
MinimumVisualStudioVersion = 10.0.40219.1
Project("{FAE04EC0-301F-11D3-BF4B-00C04F79EFBC}") = "Safina_422", "Safina_422\Safina_422.csproj", "{3F590982-1725-43B8-9DEC-5A33EF0DE82B}"
EndProject
Global
	GlobalSection(SolutionConfigurationPlatforms) = preSolution
		Debug|Any CPU = Debug|Any CPU
		Release|Any CPU = Release|Any CPU
	EndGlobalSection
	GlobalSection(ProjectConfigurationPlatforms) = postSolution
		{3F590982-1725-43B8-9DEC-5A33EF0DE82B}.Debug|Any CPU.ActiveCfg = Debug|Any CPU
		{3F590982-1725-43B8-9DEC-5A33EF0DE82B}.Debug|Any CPU.Build.0 = Debug|Any CPU
		{3F590982-1725-43B8-9DEC-5A33EF0DE82B}.Release|Any CPU.ActiveCfg = Release|Any CPU
		{3F590982-1725-43B8-9DEC-5A33EF0DE82B}.Release|Any CPU.Build.0 = Release|Any CPU
	EndGlobalSection
	GlobalSection(SolutionProperties) = preSolution
		HideSolutionNode = FALSE
	EndGlobalSection
	GlobalSection(ExtensibilityGlobals) = postSolution
		SolutionGuid = {35B807D2-359D-4409-B6F8-17C6F3CE2648}
	EndGlobalSection
EndGlobal
